github.com/zhangxu-ai/gomutimod/mods/a v0.0.0-20210611132153-44aa95672fdc h1:kXOxMQ1izfvf8Xw2rcx/K/pylnxhRLoClF+3yvPLG2c=
github.com/zhangxu-ai/gomutimod/mods/a v0.0.0-20210611132153-44aa95672fdc/go.mod h1:zVcelJbo67DzUufxwmVbktZOXb6C/rEjOkpcOfCKAVw=
github.com/zhangxu-ai/gomutimod/mods/b v0.0.0-20210611132153-44aa95672fdc h1:DlppvpZQ022V2jW560XXh0de3W672wdVuusfGtU8cwA=
github.com/zhangxu-ai/gomutimod/mods/b v0.0.0-20210611132153-44aa95672fdc/go.mod h1:2wEATkpr0AC3/3vIhF3fG6nK7efb2idhGYixX6SFsZY=
